{
  "name": "mq-bridge-connect",
  "version": "0.1.0",
  "lockfileVersion": 3,
  "requires": true,
  "packages": {
    "": {
      "name": "mq-bridge-connect",
      "version": "0.1.0",
      "license": "MIT OR Apache-2.0",
      "bin": {
        "mq-bridge-connect": "install.js"
      },
      "devDependencies": {
        "mq-bridge": "0.4.13"
      },
      "engines": {
        "node": ">=18"
      },
      "peerDependencies": {
        "mq-bridge": ">=0.4.13 <0.5.0"
      }
    },
    "node_modules/mq-bridge": {
      "version": "0.4.13",
      "resolved": "https://registry.npmjs.org/mq-bridge/-/mq-bridge-0.4.13.tgz",
      "integrity": "sha512-UicrTFW5DHV9T62kJFMYQiAik9mdEkAnyg0pC9Bnj82iNyKg271e8Jjd8Fy1BRyXp9FfgbvlNjvBGKh+yDAa7g==",
      "dev": true,
      "license": "MIT OR Apache-2.0",
      "bin": {
        "mq-bridge-package-plugin": "plugin-packaging.mjs"
      },
      "engines": {
        "node": ">=18"
      },
      "optionalDependencies": {
        "mq-bridge-darwin-arm64": "0.4.13",
        "mq-bridge-darwin-x64": "0.4.13",
        "mq-bridge-linux-arm64-gnu": "0.4.13",
        "mq-bridge-linux-x64-gnu": "0.4.13",
        "mq-bridge-win32-x64-msvc": "0.4.13"
      }
    },
    "node_modules/mq-bridge-darwin-arm64": {
      "version": "0.4.13",
      "resolved": "https://registry.npmjs.org/mq-bridge-darwin-arm64/-/mq-bridge-darwin-arm64-0.4.13.tgz",
      "integrity": "sha512-nZs/KNhGImN8GY6w+RZZvuaEoAUT7LPTtZm9pGVmeJ+J7ncpd2ZzxZpH8BCPO/RTVufEJRN0C8WQmngYaGrzqw==",
      "cpu": [
        "arm64"
      ],
      "dev": true,
      "license": "MIT OR Apache-2.0",
      "optional": true,
      "os": [
        "darwin"
      ],
      "engines": {
        "node": ">=18"
      }
    },
    "node_modules/mq-bridge-darwin-x64": {
      "version": "0.4.13",
      "resolved": "https://registry.npmjs.org/mq-bridge-darwin-x64/-/mq-bridge-darwin-x64-0.4.13.tgz",
      "integrity": "sha512-EMjJ3duzWGDfwyK2ihlYOPgNzzE5JZQHdm+MN8rU1TJGjmXTAI3bBIXDhJDChyk4gqH6y+3U/k3/SFV4h25E6g==",
      "cpu": [
        "x64"
      ],
      "dev": true,
      "license": "MIT OR Apache-2.0",
      "optional": true,
      "os": [
        "darwin"
      ],
      "engines": {
        "node": ">=18"
      }
    },
    "node_modules/mq-bridge-linux-arm64-gnu": {
      "version": "0.4.13",
      "resolved": "https://registry.npmjs.org/mq-bridge-linux-arm64-gnu/-/mq-bridge-linux-arm64-gnu-0.4.13.tgz",
      "integrity": "sha512-Y84zyzkAB2qNNcC/cUQ1/1gN7nUMU4pViXMzLhBugGmYmEs0Lnt7czcRAFChyXoZ002T+qCSAcF/ppAovyqXnA==",
      "cpu": [
        "arm64"
      ],
      "dev": true,
      "libc": [
        "glibc"
      ],
      "license": "MIT OR Apache-2.0",
      "optional": true,
      "os": [
        "linux"
      ],
      "engines": {
        "node": ">=18"
      }
    },
    "node_modules/mq-bridge-linux-x64-gnu": {
      "version": "0.4.13",
      "resolved": "https://registry.npmjs.org/mq-bridge-linux-x64-gnu/-/mq-bridge-linux-x64-gnu-0.4.13.tgz",
      "integrity": "sha512-agmfLfS7O5xhEGZX3P4gOShrMlYyuhEIsj7amO0pN9Irp+7uCSfJEjxWjUIheNGhVif9BXB3WdEqLKpvmulb3w==",
      "cpu": [
        "x64"
      ],
      "dev": true,
      "libc": [
        "glibc"
      ],
      "license": "MIT OR Apache-2.0",
      "optional": true,
      "os": [
        "linux"
      ],
      "engines": {
        "node": ">=18"
      }
    },
    "node_modules/mq-bridge-win32-x64-msvc": {
      "version": "0.4.13",
      "resolved": "https://registry.npmjs.org/mq-bridge-win32-x64-msvc/-/mq-bridge-win32-x64-msvc-0.4.13.tgz",
      "integrity": "sha512-8zBSnF92/1eaPpT9kEieqCmzH3HEWkVti7hiue8EydHfrfbv25aT4cXkMn5PeNzIA9eMMQMBpzGUfiwoV6d5dw==",
      "cpu": [
        "x64"
      ],
      "dev": true,
      "license": "MIT OR Apache-2.0",
      "optional": true,
      "os": [
        "win32"
      ],
      "engines": {
        "node": ">=18"
      }
    }
  }
}
